{
    "_readme": [
        "This file locks the dependencies of your project to a known state",
        "Read more about it at https://getcomposer.org/doc/01-basic-usage.md#installing-dependencies",
        "This file is @generated automatically"
    ],
    "content-hash": "cc0c45b12a4277045cb4994cab18ab21",
    "packages": [
        {
            "name": "webpatser/laravel-uuid",
            "version": "3.0.2",
            "source": {
                "type": "git",
                "url": "https://github.com/webpatser/laravel-uuid.git",
                "reference": "a7ce65cdabbc9970fc2a87fdf67b48e0b1641d23"
            },
            "dist": {
                "type": "zip",
                "url": "https://api.github.com/repos/webpatser/laravel-uuid/zipball/a7ce65cdabbc9970fc2a87fdf67b48e0b1641d23",
                "reference": "a7ce65cdabbc9970fc2a87fdf67b48e0b1641d23",
                "shasum": ""
            },
            "require": {
                "php": "^7.0"
            },
            "require-dev": {
                "fzaninotto/faker": "~1.4",
                "phpunit/phpunit": "~6.0"
            },
            "type": "library",
            "extra": {
                "laravel": {
                    "providers": [
                        "Webpatser\\Uuid\\UuidServiceProvider"
                    ],
                    "aliases": {
                        "Uuid": "Webpatser\\Uuid\\Uuid"
                    }
                }
            },
            "autoload": {
                "psr-0": {
                    "Webpatser\\Uuid": "src/"
                }
            },
            "notification-url": "https://packagist.org/downloads/",
            "license": [
                "MIT"
            ],
            "authors": [
                {
                    "name": "Christoph Kempen",
                    "email": "christoph@downsized.nl"
                }
            ],
            "description": "Laravel package to generate and to validate a universally unique identifier (UUID) according to the RFC 4122 standard. Support for version 1, 3, 4 and 5 UUIDs are built-in.",
            "homepage": "https://github.com/webpatser/uuid",
            "keywords": [
                "UUID RFC4122"
            ],
            "support": {
                "issues": "https://github.com/webpatser/uuid/issues",
                "source": "https://github.com/webpatser/uuid"
            },
            "time": "2017-10-04T07:47:40+00:00"
        }
    ],
    "packages-dev": [],
    "aliases": [],
    "minimum-stability": "dev",
    "stability-flags": [],
    "prefer-stable": false,
    "prefer-lowest": false,
    "platform": [],
    "platform-dev": [],
    "plugin-api-version": "2.1.0"
}
